// !$*UTF8*$!
{
	archiveVersion = 1;
	classes = {
	};
	objectVersion = 46;
	objects = {

/* Begin PBXBuildFile section */
		F414AF0F1C29724B00F76930 /* AppDelegate.swift in Sources */ = {isa = PBXBuildFile; fileRef = F414AF0E1C29724B00F76930 /* AppDelegate.swift */; };
		F414AF111C29724B00F76930 /* ViewController.swift in Sources */ = {isa = PBXBuildFile; fileRef = F414AF101C29724B00F76930 /* ViewController.swift */; };
		F414AF141C29724B00F76930 /* Main.storyboard in Resources */ = {isa = PBXBuildFile; fileRef = F414AF121C29724B00F76930 /* Main.storyboard */; };
		F414AF161C29724B00F76930 /* Assets.xcassets in Resources */ = {isa = PBXBuildFile; fileRef = F414AF151C29724B00F76930 /* Assets.xcassets */; };
		F414AF191C29724B00F76930 /* LaunchScreen.storyboard in Resources */ = {isa = PBXBuildFile; fileRef = F414AF171C29724B00F76930 /* LaunchScreen.storyboard */; };
		F414AF241C29724B00F76930 /* KXTestTests.swift in Sources */ = {isa = PBXBuildFile; fileRef = F414AF231C29724B00F76930 /* KXTestTests.swift */; };
		F414AF2F1C29724B00F76930 /* KXTestUITests.swift in Sources */ = {isa = PBXBuildFile; fileRef = F414AF2E1C29724B00F76930 /* KXTestUITests.swift */; };
		F414AF3D1C29725600F76930 /* KXFFMPEG.framework in Frameworks */ = {isa = PBXBuildFile; fileRef = F414AF3C1C29725600F76930 /* KXFFMPEG.framework */; };
/* End PBXBuildFile section */

/* Begin PBXContainerItemProxy section */
		F414AF201C29724B00F76930 /* PBXContainerItemProxy */ = {
			isa = PBXContainerItemProxy;
			containerPortal = F414AF031C29724B00F76930 /* Project object */;
			proxyType = 1;
			remoteGlobalIDString = F414AF0A1C29724B00F76930;
			remoteInfo = KXTest;
		};
		F414AF2B1C29724B00F76930 /* PBXContainerItemProxy */ = {
			isa = PBXContainerItemProxy;
			containerPortal = F414AF031C29724B00F76930 /* Project object */;
			proxyType = 1;
			remoteGlobalIDString = F414AF0A1C29724B00F76930;
			remoteInfo = KXTest;
		};
/* End PBXContainerItemProxy section */

/* Begin PBXFileReference section */
		F414AF0B1C29724B00F76930 /* KXTest.app */ = {isa = PBXFileReference; explicitFileType = wrapper.application; includeInIndex = 0; path = KXTest.app; sourceTree = BUILT_PRODUCTS_DIR; };
		F414AF0E1C29724B00F76930 /* AppDelegate.swift */ = {isa = PBXFileReference; lastKnownFileType = sourcecode.swift; path = AppDelegate.swift; sourceTree = "<group>"; };
		F414AF101C29724B00F76930 /* ViewController.swift */ = {isa = PBXFileReference; lastKnownFileType = sourcecode.swift; path = ViewController.swift; sourceTree = "<group>"; };
		F414AF131C29724B00F76930 /* Base */ = {isa = PBXFileReference; lastKnownFileType = file.storyboard; name = Base; path = Base.lproj/Main.storyboard; sourceTree = "<group>"; };
		F414AF151C29724B00F76930 /* Assets.xcassets */ = {isa = PBXFileReference; lastKnownFileType = folder.assetcatalog; path = Assets.xcassets; sourceTree = "<group>"; };
		F414AF181C29724B00F76930 /* Base */ = {isa = PBXFileReference; lastKnownFileType = file.storyboard; name = Base; path = Base.lproj/LaunchScreen.storyboard; sourceTree = "<group>"; };
		F414AF1A1C29724B00F76930 /* Info.plist */ = {isa = PBXFileReference; lastKnownFileType = text.plist.xml; path = Info.plist; sourceTree = "<group>"; };
		F414AF1F1C29724B00F76930 /* KXTestTests.xctest */ = {isa = PBXFileReference; explicitFileType = wrapper.cfbundle; includeInIndex = 0; path = KXTestTests.xctest; sourceTree = BUILT_PRODUCTS_DIR; };
		F414AF231C29724B00F76930 /* KXTestTests.swift */ = {isa = PBXFileReference; lastKnownFileType = sourcecode.swift; path = KXTestTests.swift; sourceTree = "<group>"; };
		F414AF251C29724B00F76930 /* Info.plist */ = {isa = PBXFileReference; lastKnownFileType = text.plist.xml; path = Info.plist; sourceTree = "<group>"; };
		F414AF2A1C29724B00F76930 /* KXTestUITests.xctest */ = {isa = PBXFileReference; explicitFileType = wrapper.cfbundle; includeInIndex = 0; path = KXTestUITests.xctest; sourceTree = BUILT_PRODUCTS_DIR; };
		F414AF2E1C29724B00F76930 /* KXTestUITests.swift */ = {isa = PBXFileReference; lastKnownFileType = sourcecode.swift; path = KXTestUITests.swift; sourceTree = "<group>"; };
		F414AF301C29724B00F76930 /* Info.plist */ = {isa = PBXFileReference; lastKnownFileType = text.plist.xml; path = Info.plist; sourceTree = "<group>"; };
		F414AF3C1C29725600F76930 /* KXFFMPEG.framework */ = {isa = PBXFileReference; lastKnownFileType = wrapper.framework; name = KXFFMPEG.framework; path = "../../build/Debug-iphoneos/KXFFMPEG.framework"; sourceTree = "<group>"; };
/* End PBXFileReference section */

/* Begin PBXFrameworksBuildPhase section */
		F414AF081C29724B00F76930 /* Frameworks */ = {
			isa = PBXFrameworksBuildPhase;
			buildActionMask = 2147483647;
			files = (
				F414AF3D1C29725600F76930 /* KXFFMPEG.framework in Frameworks */,
			);
			runOnlyForDeploymentPostprocessing = 0;
		};
		F414AF1C1C29724B00F76930 /* Frameworks */ = {
			isa = PBXFrameworksBuildPhase;
			buildActionMask = 2147483647;
			files = (
			);
			runOnlyForDeploymentPostprocessing = 0;
		};
		F414AF271C29724B00F76930 /* Frameworks */ = {
			isa = PBXFrameworksBuildPhase;
			buildActionMask = 2147483647;
			files = (
			);
			runOnlyForDeploymentPostprocessing = 0;
		};
/* End PBXFrameworksBuildPhase section */

/* Begin PBXGroup section */
		F414AF021C29724B00F76930 = {
			isa = PBXGroup;
			children = (
				F414AF0D1C29724B00F76930 /* KXTest */,
				F414AF221C29724B00F76930 /* KXTestTests */,
				F414AF2D1C29724B00F76930 /* KXTestUITests */,
				F414AF0C1C29724B00F76930 /* Products */,
			);
			sourceTree = "<group>";
		};
		F414AF0C1C29724B00F76930 /* Products */ = {
			isa = PBXGroup;
			children = (
				F414AF0B1C29724B00F76930 /* KXTest.app */,
				F414AF1F1C29724B00F76930 /* KXTestTests.xctest */,
				F414AF2A1C29724B00F76930 /* KXTestUITests.xctest */,
			);
			name = Products;
			sourceTree = "<group>";
		};
		F414AF0D1C29724B00F76930 /* KXTest */ = {
			isa = PBXGroup;
			children = (
				F414AF0E1C29724B00F76930 /* AppDelegate.swift */,
				F414AF101C29724B00F76930 /* ViewController.swift */,
				F414AF121C29724B00F76930 /* Main.storyboard */,
				F414AF151C29724B00F76930 /* Assets.xcassets */,
				F414AF171C29724B00F76930 /* LaunchScreen.storyboard */,
				F414AF1A1C29724B00F76930 /* Info.plist */,
				F414AF3C1C29725600F76930 /* KXFFMPEG.framework */,
			);
			path = KXTest;
			sourceTree = "<group>";
		};
		F414AF221C29724B00F76930 /* KXTestTests */ = {
			isa = PBXGroup;
			children = (
				F414AF231C29724B00F76930 /* KXTestTests.swift */,
				F414AF251C29724B00F76930 /* Info.plist */,
			);
			path = KXTestTests;
			sourceTree = "<group>";
		};
		F414AF2D1C29724B00F76930 /* KXTestUITests */ = {
			isa = PBXGroup;
			children = (
				F414AF2E1C29724B00F76930 /* KXTestUITests.swift */,
				F414AF301C29724B00F76930 /* Info.plist */,
			);
			path = KXTestUITests;
			sourceTree = "<group>";
		};
/* End PBXGroup section */

/* Begin PBXNativeTarget section */
		F414AF0A1C29724B00F76930 /* KXTest */ = {
			isa = PBXNativeTarget;
			buildConfigurationList = F414AF331C29724B00F76930 /* Build configuration list for PBXNativeTarget "KXTest" */;
			buildPhases = (
				F414AF071C29724B00F76930 /* Sources */,
				F414AF081C29724B00F76930 /* Frameworks */,
				F414AF091C29724B00F76930 /* Resources */,
			);
			buildRules = (
			);
			dependencies = (
			);
			name = KXTest;
			productName = KXTest;
			productReference = F414AF0B1C29724B00F76930 /* KXTest.app */;
			productType = "com.apple.product-type.application";
		};
		F414AF1E1C29724B00F76930 /* KXTestTests */ = {
			isa = PBXNativeTarget;
			buildConfigurationList = F414AF361C29724B00F76930 /* Build configuration list for PBXNativeTarget "KXTestTests" */;
			buildPhases = (
				F414AF1B1C29724B00F76930 /* Sources */,
				F414AF1C1C29724B00F76930 /* Frameworks */,
				F414AF1D1C29724B00F76930 /* Resources */,
			);
			buildRules = (
			);
			dependencies = (
				F414AF211C29724B00F76930 /* PBXTargetDependency */,
			);
			name = KXTestTests;
			productName = KXTestTests;
			productReference = F414AF1F1C29724B00F76930 /* KXTestTests.xctest */;
			productType = "com.apple.product-type.bundle.unit-test";
		};
		F414AF291C29724B00F76930 /* KXTestUITests */ = {
			isa = PBXNativeTarget;
			buildConfigurationList = F414AF391C29724B00F76930 /* Build configuration list for PBXNativeTarget "KXTestUITests" */;
			buildPhases = (
				F414AF261C29724B00F76930 /* Sources */,
				F414AF271C29724B00F76930 /* Frameworks */,
				F414AF281C29724B00F76930 /* Resources */,
			);
			buildRules = (
			);
			dependencies = (
				F414AF2C1C29724B00F76930 /* PBXTargetDependency */,
			);
			name = KXTestUITests;
			productName = KXTestUITests;
			productReference = F414AF2A1C29724B00F76930 /* KXTestUITests.xctest */;
			productType = "com.apple.product-type.bundle.ui-testing";
		};
/* End PBXNativeTarget section */

/* Begin PBXProject section */
		F414AF031C29724B00F76930 /* Project object */ = {
			isa = PBXProject;
			attributes = {
				LastSwiftUpdateCheck = 0720;
				LastUpgradeCheck = 0720;
				ORGANIZATIONNAME = Designlapp;
				TargetAttributes = {
					F414AF0A1C29724B00F76930 = {
						CreatedOnToolsVersion = 7.2;
					};
					F414AF1E1C29724B00F76930 = {
						CreatedOnToolsVersion = 7.2;
						TestTargetID = F414AF0A1C29724B00F76930;
					};
					F414AF291C29724B00F76930 = {
						CreatedOnToolsVersion = 7.2;
						TestTargetID = F414AF0A1C29724B00F76930;
					};
				};
			};
			buildConfigurationList = F414AF061C29724B00F76930 /* Build configuration list for PBXProject "KXTest" */;
			compatibilityVersion = "Xcode 3.2";
			developmentRegion = English;
			hasScannedForEncodings = 0;
			knownRegions = (
				en,
				Base,
			);
			mainGroup = F414AF021C29724B00F76930;
			productRefGroup = F414AF0C1C29724B00F76930 /* Products */;
			projectDirPath = "";
			projectRoot = "";
			targets = (
				F414AF0A1C29724B00F76930 /* KXTest */,
				F414AF1E1C29724B00F76930 /* KXTestTests */,
				F414AF291C29724B00F76930 /* KXTestUITests */,
			);
		};
/* End PBXProject section */

/* Begin PBXResourcesBuildPhase section */
		F414AF091C29724B00F76930 /* Resources */ = {
			isa = PBXResourcesBuildPhase;
			buildActionMask = 2147483647;
			files = (
				F414AF191C29724B00F76930 /* LaunchScreen.storyboard in Resources */,
				F414AF161C29724B00F76930 /* Assets.xcassets in Resources */,
				F414AF141C29724B00F76930 /* Main.storyboard in Resources */,
			);
			runOnlyForDeploymentPostprocessing = 0;
		};
		F414AF1D1C29724B00F76930 /* Resources */ = {
			isa = PBXResourcesBuildPhase;
			buildActionMask = 2147483647;
			files = (
			);
			runOnlyForDeploymentPostprocessing = 0;
		};
		F414AF281C29724B00F76930 /* Resources */ = {
			isa = PBXResourcesBuildPhase;
			buildActionMask = 2147483647;
			files = (
			);
			runOnlyForDeploymentPostprocessing = 0;
		};
/* End PBXResourcesBuildPhase section */

/* Begin PBXSourcesBuildPhase section */
		F414AF071C29724B00F76930 /* Sources */ = {
			isa = PBXSourcesBuildPhase;
			buildActionMask = 2147483647;
			files = (
				F414AF111C29724B00F76930 /* ViewController.swift in Sources */,
				F414AF0F1C29724B00F76930 /* AppDelegate.swift in Sources */,
			);
			runOnlyForDeploymentPostprocessing = 0;
		};
		F414AF1B1C29724B00F76930 /* Sources */ = {
			isa = PBXSourcesBuildPhase;
			buildActionMask = 2147483647;
			files = (
				F414AF241C29724B00F76930 /* KXTestTests.swift in Sources */,
			);
			runOnlyForDeploymentPostprocessing = 0;
		};
		F414AF261C29724B00F76930 /* Sources */ = {
			isa = PBXSourcesBuildPhase;
			buildActionMask = 2147483647;
			files = (
				F414AF2F1C29724B00F76930 /* KXTestUITests.swift in Sources */,
			);
			runOnlyForDeploymentPostprocessing = 0;
		};
/* End PBXSourcesBuildPhase section */

/* Begin PBXTargetDependency section */
		F414AF211C29724B00F76930 /* PBXTargetDependency */ = {
			isa = PBXTargetDependency;
			target = F414AF0A1C29724B00F76930 /* KXTest */;
			targetProxy = F414AF201C29724B00F76930 /* PBXContainerItemProxy */;
		};
		F414AF2C1C29724B00F76930 /* PBXTargetDependency */ = {
			isa = PBXTargetDependency;
			target = F414AF0A1C29724B00F76930 /* KXTest */;
			targetProxy = F414AF2B1C29724B00F76930 /* PBXContainerItemProxy */;
		};
/* End PBXTargetDependency section */

/* Begin PBXVariantGroup section */
		F414AF121C29724B00F76930 /* Main.storyboard */ = {
			isa = PBXVariantGroup;
			children = (
				F414AF131C29724B00F76930 /* Base */,
			);
			name = Main.storyboard;
			sourceTree = "<group>";
		};
		F414AF171C29724B00F76930 /* LaunchScreen.storyboard */ = {
			isa = PBXVariantGroup;
			children = (
				F414AF181C29724B00F76930 /* Base */,
			);
			name = LaunchScreen.storyboard;
			sourceTree = "<group>";
		};
/* End PBXVariantGroup section */

/* Begin XCBuildConfiguration section */
		F414AF311C29724B00F76930 /* Debug */ = {
			isa = XCBuildConfiguration;
			buildSettings = {
				ALWAYS_SEARCH_USER_PATHS = NO;
				CLANG_CXX_LANGUAGE_STANDARD = "gnu++0x";
				CLANG_CXX_LIBRARY = "libc++";
				CLANG_ENABLE_MODULES = YES;
				CLANG_ENABLE_OBJC_ARC = YES;
				CLANG_WARN_BOOL_CONVERSION = YES;
				CLANG_WARN_CONSTANT_CONVERSION = YES;
				CLANG_WARN_DIRECT_OBJC_ISA_USAGE = YES_ERROR;
				CLANG_WARN_EMPTY_BODY = YES;
				CLANG_WARN_ENUM_CONVERSION = YES;
				CLANG_WARN_INT_CONVERSION = YES;
				CLANG_WARN_OBJC_ROOT_CLASS = YES_ERROR;
				CLANG_WARN_UNREACHABLE_CODE = YES;
				CLANG_WARN__DUPLICATE_METHOD_MATCH = YES;
				"CODE_SIGN_IDENTITY[sdk=iphoneos*]" = "iPhone Developer";
				COPY_PHASE_STRIP = NO;
				DEBUG_INFORMATION_FORMAT = dwarf;
				ENABLE_STRICT_OBJC_MSGSEND = YES;
				ENABLE_TESTABILITY = YES;
				GCC_C_LANGUAGE_STANDARD = gnu99;
				GCC_DYNAMIC_NO_PIC = NO;
				GCC_NO_COMMON_BLOCKS = YES;
				GCC_OPTIMIZATION_LEVEL = 0;
				GCC_PREPROCESSOR_DEFINITIONS = (
					"DEBUG=1",
					"$(inherited)",
				);
				GCC_WARN_64_TO_32_BIT_CONVERSION = YES;
				GCC_WARN_ABOUT_RETURN_TYPE = YES_ERROR;
				GCC_WARN_UNDECLARED_SELECTOR = YES;
				GCC_WARN_UNINITIALIZED_AUTOS = YES_AGGRESSIVE;
				GCC_WARN_UNUSED_FUNCTION = YES;
				GCC_WARN_UNUSED_VARIABLE = YES;
				IPHONEOS_DEPLOYMENT_TARGET = 9.2;
				MTL_ENABLE_DEBUG_INFO = YES;
				ONLY_ACTIVE_ARCH = YES;
				SDKROOT = iphoneos;
				SWIFT_OPTIMIZATION_LEVEL = "-Onone";
			};
			name = Debug;
		};
		F414AF321C29724B00F76930 /* Release */ = {
			isa = XCBuildConfiguration;
			buildSettings = {
				ALWAYS_SEARCH_USER_PATHS = NO;
				CLANG_CXX_LANGUAGE_STANDARD = "gnu++0x";
				CLANG_CXX_LIBRARY = "libc++";
				CLANG_ENABLE_MODULES = YES;
				CLANG_ENABLE_OBJC_ARC = YES;
				CLANG_WARN_BOOL_CONVERSION = YES;
				CLANG_WARN_CONSTANT_CONVERSION = YES;
				CLANG_WARN_DIRECT_OBJC_ISA_USAGE = YES_ERROR;
				CLANG_WARN_EMPTY_BODY = YES;
				CLANG_WARN_ENUM_CONVERSION = YES;
				CLANG_WARN_INT_CONVERSION = YES;
				CLANG_WARN_OBJC_ROOT_CLASS = YES_ERROR;
				CLANG_WARN_UNREACHABLE_CODE = YES;
				CLANG_WARN__DUPLICATE_METHOD_MATCH = YES;
				"CODE_SIGN_IDENTITY[sdk=iphoneos*]" = "iPhone Developer";
				COPY_PHASE_STRIP = NO;
				DEBUG_INFORMATION_FORMAT = "dwarf-with-dsym";
				ENABLE_NS_ASSERTIONS = NO;
				ENABLE_STRICT_OBJC_MSGSEND = YES;
				GCC_C_LANGUAGE_STANDARD = gnu99;
				GCC_NO_COMMON_BLOCKS = YES;
				GCC_WARN_64_TO_32_BIT_CONVERSION = YES;
				GCC_WARN_ABOUT_RETURN_TYPE = YES_ERROR;
				GCC_WARN_UNDECLARED_SELECTOR = YES;
				GCC_WARN_UNINITIALIZED_AUTOS = YES_AGGRESSIVE;
				GCC_WARN_UNUSED_FUNCTION = YES;
				GCC_WARN_UNUSED_VARIABLE = YES;
				IPHONEOS_DEPLOYMENT_TARGET = 9.2;
				MTL_ENABLE_DEBUG_INFO = NO;
				SDKROOT = iphoneos;
				VALIDATE_PRODUCT = YES;
			};
			name = Release;
		};
		F414AF341C29724B00F76930 /* Debug */ = {
			isa = XCBuildConfiguration;
			buildSettings = {
				ASSETCATALOG_COMPILER_APPICON_NAME = AppIcon;
				INFOPLIST_FILE = KXTest/Info.plist;
				LD_RUNPATH_SEARCH_PATHS = "$(inherited) @executable_path/Frameworks";
				PRODUCT_BUNDLE_IDENTIFIER = com.designlapp.kxtest.KXTest;
				PRODUCT_NAME = "$(TARGET_NAME)";
			};
			name = Debug;
		};
		F414AF351C29724B00F76930 /* Release */ = {
			isa = XCBuildConfiguration;
			buildSettings = {
				ASSETCATALOG_COMPILER_APPICON_NAME = AppIcon;
				INFOPLIST_FILE = KXTest/Info.plist;
				LD_RUNPATH_SEARCH_PATHS = "$(inherited) @executable_path/Frameworks";
				PRODUCT_BUNDLE_IDENTIFIER = com.designlapp.kxtest.KXTest;
				PRODUCT_NAME = "$(TARGET_NAME)";
			};
			name = Release;
		};
		F414AF371C29724B00F76930 /* Debug */ = {
			isa = XCBuildConfiguration;
			buildSettings = {
				BUNDLE_LOADER = "$(TEST_HOST)";
				INFOPLIST_FILE = KXTestTests/Info.plist;
				LD_RUNPATH_SEARCH_PATHS = "$(inherited) @executable_path/Frameworks @loader_path/Frameworks";
				PRODUCT_BUNDLE_IDENTIFIER = com.designlapp.kxtest.KXTestTests;
				PRODUCT_NAME = "$(TARGET_NAME)";
				TEST_HOST = "$(BUILT_PRODUCTS_DIR)/KXTest.app/KXTest";
			};
			name = Debug;
		};
		F414AF381C29724B00F76930 /* Release */ = {
			isa = XCBuildConfiguration;
			buildSettings = {
				BUNDLE_LOADER = "$(TEST_HOST)";
				INFOPLIST_FILE = KXTestTests/Info.plist;
				LD_RUNPATH_SEARCH_PATHS = "$(inherited) @executable_path/Frameworks @loader_path/Frameworks";
				PRODUCT_BUNDLE_IDENTIFIER = com.designlapp.kxtest.KXTestTests;
				PRODUCT_NAME = "$(TARGET_NAME)";
				TEST_HOST = "$(BUILT_PRODUCTS_DIR)/KXTest.app/KXTest";
			};
			name = Release;
		};
		F414AF3A1C29724B00F76930 /* Debug */ = {
			isa = XCBuildConfiguration;
			buildSettings = {
				INFOPLIST_FILE = KXTestUITests/Info.plist;
				LD_RUNPATH_SEARCH_PATHS = "$(inherited) @executable_path/Frameworks @loader_path/Frameworks";
				PRODUCT_BUNDLE_IDENTIFIER = com.designlapp.kxtest.KXTestUITests;
				PRODUCT_NAME = "$(TARGET_NAME)";
				TEST_TARGET_NAME = KXTest;
				USES_XCTRUNNER = YES;
			};
			name = Debug;
		};
		F414AF3B1C29724B00F76930 /* Release */ = {
			isa = XCBuildConfiguration;
			buildSettings = {
				INFOPLIST_FILE = KXTestUITests/Info.plist;
				LD_RUNPATH_SEARCH_PATHS = "$(inherited) @executable_path/Frameworks @loader_path/Frameworks";
				PRODUCT_BUNDLE_IDENTIFIER = com.designlapp.kxtest.KXTestUITests;
				PRODUCT_NAME = "$(TARGET_NAME)";
				TEST_TARGET_NAME = KXTest;
				USES_XCTRUNNER = YES;
			};
			name = Release;
		};
/* End XCBuildConfiguration section */

/* Begin XCConfigurationList section */
		F414AF061C29724B00F76930 /* Build configuration list for PBXProject "KXTest" */ = {
			isa = XCConfigurationList;
			buildConfigurations = (
				F414AF311C29724B00F76930 /* Debug */,
				F414AF321C29724B00F76930 /* Release */,
			);
			defaultConfigurationIsVisible = 0;
			defaultConfigurationName = Release;
		};
		F414AF331C29724B00F76930 /* Build configuration list for PBXNativeTarget "KXTest" */ = {
			isa = XCConfigurationList;
			buildConfigurations = (
				F414AF341C29724B00F76930 /* Debug */,
				F414AF351C29724B00F76930 /* Release */,
			);
			defaultConfigurationIsVisible = 0;
		};
		F414AF361C29724B00F76930 /* Build configuration list for PBXNativeTarget "KXTestTests" */ = {
			isa = XCConfigurationList;
			buildConfigurations = (
				F414AF371C29724B00F76930 /* Debug */,
				F414AF381C29724B00F76930 /* Release */,
			);
			defaultConfigurationIsVisible = 0;
		};
		F414AF391C29724B00F76930 /* Build configuration list for PBXNativeTarget "KXTestUITests" */ = {
			isa = XCConfigurationList;
			buildConfigurations = (
				F414AF3A1C29724B00F76930 /* Debug */,
				F414AF3B1C29724B00F76930 /* Release */,
			);
			defaultConfigurationIsVisible = 0;
		};
/* End XCConfigurationList section */
	};
	rootObject = F414AF031C29724B00F76930 /* Project object */;
}
